
Microsoft Visual Studio Solution File, Format Version 12.00
# Visual Studio 15
VisualStudioVersion = 15.0.27428.2037
MinimumVisualStudioVersion = 10.0.40219.1
Project("{FAE04EC0-301F-11D3-BF4B-00C04F79EFBC}") = "OctoPlus", "OctoPlus\OctoPlus.csproj", "{F70536F3-A55F-4C05-8D77-A1B51E1CF6F2}"
EndProject
Project("{FAE04EC0-301F-11D3-BF4B-00C04F79EFBC}") = "OctoPlusConsole", "OctoPlusConsole\OctoPlusConsole.csproj", "{BB28FFBA-0E8D-417D-98B7-8B335954B855}"
EndProject
Project("{9A19103F-16F7-4668-BE54-9A1E7A4F7556}") = "OctoPlusCore", "OctoPlusCore\OctoPlusCore.csproj", "{1B72518D-986C-425D-AA81-13A5FCEB2148}"
EndProject
Project("{9A19103F-16F7-4668-BE54-9A1E7A4F7556}") = "OctoPlusCore.Utilities", "OctoPlusCore.Utilities\OctoPlusCore.Utilities.csproj", "{67C633C8-F85F-4DB9-8227-C66492D1CDA3}"
EndProject
Project("{9A19103F-16F7-4668-BE54-9A1E7A4F7556}") = "OctoPlusCore.ChangeLogs", "OctoPlusCore.ChangeLogs\OctoPlusCore.ChangeLogs.csproj", "{E7D235D9-14D9-4CE7-B6DF-C1F01A413F17}"
EndProject
Project("{9A19103F-16F7-4668-BE54-9A1E7A4F7556}") = "OctoPlusCore.Configuration", "OctoPlusCore.Configuration\OctoPlusCore.Configuration.csproj", "{F11A7555-8AED-4CBC-ADE2-8D8A8CA7D4FE}"
EndProject
Project("{9A19103F-16F7-4668-BE54-9A1E7A4F7556}") = "OctoPlusCore.Deployment.Models", "OctoPlusCore.Models\OctoPlusCore.Deployment.Models.csproj", "{FD9F84F6-7F53-4D0D-A27B-285F0EAB3B59}"
EndProject
Project("{9A19103F-16F7-4668-BE54-9A1E7A4F7556}") = "OctoPlusCore.Octopus", "OctoPlusCore.Octopus\OctoPlusCore.Octopus.csproj", "{A39C3BD9-358A-457B-A801-8EBD8CD382E7}"
EndProject
Project("{FAE04EC0-301F-11D3-BF4B-00C04F79EFBC}") = "OctoPlusCore.Deployment", "OctoPlusCore.Deployment\OctoPlusCore.Deployment.csproj", "{E64AFDD5-2F03-4DDB-AAE1-0E8C8F41864E}"
EndProject
Global
	GlobalSection(SolutionConfigurationPlatforms) = preSolution
		Debug|Any CPU = Debug|Any CPU
		Release|Any CPU = Release|Any CPU
	EndGlobalSection
	GlobalSection(ProjectConfigurationPlatforms) = postSolution
		{F70536F3-A55F-4C05-8D77-A1B51E1CF6F2}.Debug|Any CPU.ActiveCfg = Debug|Any CPU
		{F70536F3-A55F-4C05-8D77-A1B51E1CF6F2}.Debug|Any CPU.Build.0 = Debug|Any CPU
		{F70536F3-A55F-4C05-8D77-A1B51E1CF6F2}.Release|Any CPU.ActiveCfg = Release|Any CPU
		{F70536F3-A55F-4C05-8D77-A1B51E1CF6F2}.Release|Any CPU.Build.0 = Release|Any CPU
		{BB28FFBA-0E8D-417D-98B7-8B335954B855}.Debug|Any CPU.ActiveCfg = Debug|Any CPU
		{BB28FFBA-0E8D-417D-98B7-8B335954B855}.Debug|Any CPU.Build.0 = Debug|Any CPU
		{BB28FFBA-0E8D-417D-98B7-8B335954B855}.Release|Any CPU.ActiveCfg = Release|Any CPU
		{BB28FFBA-0E8D-417D-98B7-8B335954B855}.Release|Any CPU.Build.0 = Release|Any CPU
		{1B72518D-986C-425D-AA81-13A5FCEB2148}.Debug|Any CPU.ActiveCfg = Debug|Any CPU
		{1B72518D-986C-425D-AA81-13A5FCEB2148}.Debug|Any CPU.Build.0 = Debug|Any CPU
		{1B72518D-986C-425D-AA81-13A5FCEB2148}.Release|Any CPU.ActiveCfg = Release|Any CPU
		{1B72518D-986C-425D-AA81-13A5FCEB2148}.Release|Any CPU.Build.0 = Release|Any CPU
		{67C633C8-F85F-4DB9-8227-C66492D1CDA3}.Debug|Any CPU.ActiveCfg = Debug|Any CPU
		{67C633C8-F85F-4DB9-8227-C66492D1CDA3}.Debug|Any CPU.Build.0 = Debug|Any CPU
		{67C633C8-F85F-4DB9-8227-C66492D1CDA3}.Release|Any CPU.ActiveCfg = Release|Any CPU
		{67C633C8-F85F-4DB9-8227-C66492D1CDA3}.Release|Any CPU.Build.0 = Release|Any CPU
		{E7D235D9-14D9-4CE7-B6DF-C1F01A413F17}.Debug|Any CPU.ActiveCfg = Debug|Any CPU
		{E7D235D9-14D9-4CE7-B6DF-C1F01A413F17}.Debug|Any CPU.Build.0 = Debug|Any CPU
		{E7D235D9-14D9-4CE7-B6DF-C1F01A413F17}.Release|Any CPU.ActiveCfg = Release|Any CPU
		{E7D235D9-14D9-4CE7-B6DF-C1F01A413F17}.Release|Any CPU.Build.0 = Release|Any CPU
		{F11A7555-8AED-4CBC-ADE2-8D8A8CA7D4FE}.Debug|Any CPU.ActiveCfg = Debug|Any CPU
		{F11A7555-8AED-4CBC-ADE2-8D8A8CA7D4FE}.Debug|Any CPU.Build.0 = Debug|Any CPU
		{F11A7555-8AED-4CBC-ADE2-8D8A8CA7D4FE}.Release|Any CPU.ActiveCfg = Release|Any CPU
		{F11A7555-8AED-4CBC-ADE2-8D8A8CA7D4FE}.Release|Any CPU.Build.0 = Release|Any CPU
		{FD9F84F6-7F53-4D0D-A27B-285F0EAB3B59}.Debug|Any CPU.ActiveCfg = Debug|Any CPU
		{FD9F84F6-7F53-4D0D-A27B-285F0EAB3B59}.Debug|Any CPU.Build.0 = Debug|Any CPU
		{FD9F84F6-7F53-4D0D-A27B-285F0EAB3B59}.Release|Any CPU.ActiveCfg = Release|Any CPU
		{FD9F84F6-7F53-4D0D-A27B-285F0EAB3B59}.Release|Any CPU.Build.0 = Release|Any CPU
		{A39C3BD9-358A-457B-A801-8EBD8CD382E7}.Debug|Any CPU.ActiveCfg = Debug|Any CPU
		{A39C3BD9-358A-457B-A801-8EBD8CD382E7}.Debug|Any CPU.Build.0 = Debug|Any CPU
		{A39C3BD9-358A-457B-A801-8EBD8CD382E7}.Release|Any CPU.ActiveCfg = Release|Any CPU
		{A39C3BD9-358A-457B-A801-8EBD8CD382E7}.Release|Any CPU.Build.0 = Release|Any CPU
		{E64AFDD5-2F03-4DDB-AAE1-0E8C8F41864E}.Debug|Any CPU.ActiveCfg = Debug|Any CPU
		{E64AFDD5-2F03-4DDB-AAE1-0E8C8F41864E}.Debug|Any CPU.Build.0 = Debug|Any CPU
		{E64AFDD5-2F03-4DDB-AAE1-0E8C8F41864E}.Release|Any CPU.ActiveCfg = Release|Any CPU
		{E64AFDD5-2F03-4DDB-AAE1-0E8C8F41864E}.Release|Any CPU.Build.0 = Release|Any CPU
	EndGlobalSection
	GlobalSection(SolutionProperties) = preSolution
		HideSolutionNode = FALSE
	EndGlobalSection
	GlobalSection(ExtensibilityGlobals) = postSolution
		SolutionGuid = {A3F58DA4-4FE2-4226-818C-62E8BC56B288}
	EndGlobalSection
EndGlobal
